
Microsoft Visual Studio Solution File, Format Version 12.00
# Visual Studio Version 16
VisualStudioVersion = 16.0.29306.81
MinimumVisualStudioVersion = 10.0.40219.1
Project("{9A19103F-16F7-4668-BE54-9A1E7A4F7556}") = "WebProduct", "WebProduct.csproj", "{33F0DCD6-8E0E-4583-8D55-D0BD4698A980}"
EndProject
Project("{9A19103F-16F7-4668-BE54-9A1E7A4F7556}") = "BusinessLogic", "..\BusinessLogic\BusinessLogic.csproj", "{4F657F9B-6D00-4C4A-A8F8-1016980154A9}"
EndProject
Project("{9A19103F-16F7-4668-BE54-9A1E7A4F7556}") = "RepositoryLayer", "..\RepositoryLayer\RepositoryLayer.csproj", "{708A5D69-7924-4F97-B242-BDFBBC8F5FEC}"
EndProject
Project("{9A19103F-16F7-4668-BE54-9A1E7A4F7556}") = "Models", "..\Models\Models.csproj", "{74246A59-126B-45C5-BEDE-8419726D29CD}"
EndProject
Project("{FAE04EC0-301F-11D3-BF4B-00C04F79EFBC}") = "ElasticSearch", "..\ElasticSearch\ElasticSearch.csproj", "{ECAFFE0B-2232-4929-890B-65D803699596}"
EndProject
Global
	GlobalSection(SolutionConfigurationPlatforms) = preSolution
		Debug|Any CPU = Debug|Any CPU
		Release|Any CPU = Release|Any CPU
	EndGlobalSection
	GlobalSection(ProjectConfigurationPlatforms) = postSolution
		{33F0DCD6-8E0E-4583-8D55-D0BD4698A980}.Debug|Any CPU.ActiveCfg = Debug|Any CPU
		{33F0DCD6-8E0E-4583-8D55-D0BD4698A980}.Debug|Any CPU.Build.0 = Debug|Any CPU
		{33F0DCD6-8E0E-4583-8D55-D0BD4698A980}.Release|Any CPU.ActiveCfg = Release|Any CPU
		{33F0DCD6-8E0E-4583-8D55-D0BD4698A980}.Release|Any CPU.Build.0 = Release|Any CPU
		{4F657F9B-6D00-4C4A-A8F8-1016980154A9}.Debug|Any CPU.ActiveCfg = Debug|Any CPU
		{4F657F9B-6D00-4C4A-A8F8-1016980154A9}.Debug|Any CPU.Build.0 = Debug|Any CPU
		{4F657F9B-6D00-4C4A-A8F8-1016980154A9}.Release|Any CPU.ActiveCfg = Release|Any CPU
		{4F657F9B-6D00-4C4A-A8F8-1016980154A9}.Release|Any CPU.Build.0 = Release|Any CPU
		{708A5D69-7924-4F97-B242-BDFBBC8F5FEC}.Debug|Any CPU.ActiveCfg = Debug|Any CPU
		{708A5D69-7924-4F97-B242-BDFBBC8F5FEC}.Debug|Any CPU.Build.0 = Debug|Any CPU
		{708A5D69-7924-4F97-B242-BDFBBC8F5FEC}.Release|Any CPU.ActiveCfg = Release|Any CPU
		{708A5D69-7924-4F97-B242-BDFBBC8F5FEC}.Release|Any CPU.Build.0 = Release|Any CPU
		{74246A59-126B-45C5-BEDE-8419726D29CD}.Debug|Any CPU.ActiveCfg = Debug|Any CPU
		{74246A59-126B-45C5-BEDE-8419726D29CD}.Debug|Any CPU.Build.0 = Debug|Any CPU
		{74246A59-126B-45C5-BEDE-8419726D29CD}.Release|Any CPU.ActiveCfg = Release|Any CPU
		{74246A59-126B-45C5-BEDE-8419726D29CD}.Release|Any CPU.Build.0 = Release|Any CPU
		{ECAFFE0B-2232-4929-890B-65D803699596}.Debug|Any CPU.ActiveCfg = Debug|Any CPU
		{ECAFFE0B-2232-4929-890B-65D803699596}.Debug|Any CPU.Build.0 = Debug|Any CPU
		{ECAFFE0B-2232-4929-890B-65D803699596}.Release|Any CPU.ActiveCfg = Release|Any CPU
		{ECAFFE0B-2232-4929-890B-65D803699596}.Release|Any CPU.Build.0 = Release|Any CPU
	EndGlobalSection
	GlobalSection(SolutionProperties) = preSolution
		HideSolutionNode = FALSE
	EndGlobalSection
	GlobalSection(ExtensibilityGlobals) = postSolution
		SolutionGuid = {6030149E-C12B-4EAB-A4DD-9ECFBE5F61B3}
	EndGlobalSection
EndGlobal
